
Microsoft Visual Studio Solution File, Format Version 12.00
# Visual Studio Version 17
VisualStudioVersion = 17.0.31903.59
MinimumVisualStudioVersion = 10.0.40219.1
Project("{FAE04EC0-301F-11D3-BF4B-00C04F79EFBC}") = "new projek", "new projek\new projek.csproj", "{FA69E2D9-F80F-4139-BE78-3CCC0AFE4FC2}"
EndProject
Global
	GlobalSection(SolutionConfigurationPlatforms) = preSolution
		Debug|Any CPU = Debug|Any CPU
		Release|Any CPU = Release|Any CPU
	EndGlobalSection
	GlobalSection(SolutionProperties) = preSolution
		HideSolutionNode = FALSE
	EndGlobalSection
	GlobalSection(ProjectConfigurationPlatforms) = postSolution
		{FA69E2D9-F80F-4139-BE78-3CCC0AFE4FC2}.Debug|Any CPU.ActiveCfg = Debug|Any CPU
		{FA69E2D9-F80F-4139-BE78-3CCC0AFE4FC2}.Debug|Any CPU.Build.0 = Debug|Any CPU
		{FA69E2D9-F80F-4139-BE78-3CCC0AFE4FC2}.Release|Any CPU.ActiveCfg = Release|Any CPU
		{FA69E2D9-F80F-4139-BE78-3CCC0AFE4FC2}.Release|Any CPU.Build.0 = Release|Any CPU
	EndGlobalSection
EndGlobal
